
Microsoft Visual Studio Solution File, Format Version 12.00
# Visual Studio 15
VisualStudioVersion = 15.0.27130.2003
MinimumVisualStudioVersion = 10.0.40219.1
Project("{FAE04EC0-301F-11D3-BF4B-00C04F79EFBC}") = "Terminal", "Terminal\Terminal.csproj", "{ED64EB6A-D202-463E-928A-9D31C2D57352}"
EndProject
Project("{2150E333-8FDC-42A3-9474-1A3956D46DE8}") = "0.文档", "0.文档", "{47CE245C-C421-4679-9C08-46AF6BEDB532}"
	ProjectSection(SolutionItems) = preProject
		README.md = README.md
		Docs\TODO.txt = Docs\TODO.txt
	EndProjectSection
EndProject
Project("{2150E333-8FDC-42A3-9474-1A3956D46DE8}") = "1.核心", "1.核心", "{5C1EE230-69B5-497E-8D6B-C2364550A131}"
EndProject
Project("{2150E333-8FDC-42A3-9474-1A3956D46DE8}") = "3.功能", "3.功能", "{C6AE1215-513A-46C9-AB77-445FFFF856DE}"
EndProject
Project("{2150E333-8FDC-42A3-9474-1A3956D46DE8}") = "4.测试", "4.测试", "{E79E27DC-8912-469A-BED2-1997AF07968F}"
EndProject
Project("{FAE04EC0-301F-11D3-BF4B-00C04F79EFBC}") = "YuanTu.Core", "Core\YuanTu.Core\YuanTu.Core.csproj", "{AB393F77-C15F-43C8-AC02-C9686A79B668}"
EndProject
Project("{FAE04EC0-301F-11D3-BF4B-00C04F79EFBC}") = "YuanTu.Consts", "Core\YuanTu.Consts\YuanTu.Consts.csproj", "{2D55167C-D5D1-42B3-9E61-4A413FAC957A}"
EndProject
Project("{FAE04EC0-301F-11D3-BF4B-00C04F79EFBC}") = "YuanTu.Devices", "Core\YuanTu.Devices\YuanTu.Devices.csproj", "{650EB36A-029E-43A8-8656-3E6FB8E3F277}"
EndProject
Project("{FAE04EC0-301F-11D3-BF4B-00C04F79EFBC}") = "UnitTest.Service.Tests", "Tests\UnitTest.Service.Tests\UnitTest.Service.Tests.csproj", "{9F7B7AE5-675F-4333-8140-A62FBC0DA2AF}"
EndProject
Project("{2150E333-8FDC-42A3-9474-1A3956D46DE8}") = "山东", "山东", "{009EFA39-C380-4B3F-9398-A0F4BBC9A444}"
EndProject
Project("{FAE04EC0-301F-11D3-BF4B-00C04F79EFBC}") = "青岛市口腔医院", "Functions\YuanTu.QDKouQiangYY\青岛市口腔医院.csproj", "{D1A513FC-5770-4C4F-A616-39AC476E2E55}"
EndProject
Project("{FAE04EC0-301F-11D3-BF4B-00C04F79EFBC}") = "YuanTu.Default", "Functions\YuanTu.Default\YuanTu.Default.csproj", "{408BE3A7-37D9-445E-98A8-AB5EDF597A89}"
EndProject
Project("{FAE04EC0-301F-11D3-BF4B-00C04F79EFBC}") = "YuanTu.QDArea", "Functions\YuanTu.QDArea\YuanTu.QDArea.csproj", "{B5C0A85C-016F-4A3B-B564-1BDF99315862}"
EndProject
Project("{2150E333-8FDC-42A3-9474-1A3956D46DE8}") = "河南", "河南", "{C2187FD8-6194-4CA9-A2F9-82B68D03D2E2}"
EndProject
Project("{FAE04EC0-301F-11D3-BF4B-00C04F79EFBC}") = "南阳市第一人民医院", "Functions\YuanTu.NanYangFirstPeopleHospital\南阳市第一人民医院.csproj", "{808CC3B5-755E-4BBD-A86D-38A64ECCDC95}"
EndProject
Project("{FAE04EC0-301F-11D3-BF4B-00C04F79EFBC}") = "YuanTu.AutoUpdater", "Core\YuanTu.AutoUpdater\YuanTu.AutoUpdater.csproj", "{4BA4719C-C6AB-49BA-9754-848CA24C1FD6}"
EndProject
Project("{FAE04EC0-301F-11D3-BF4B-00C04F79EFBC}") = "YuanTu.Test", "Tests\YuanTu.Test\YuanTu.Test.csproj", "{B4F011FB-7F73-45EA-A335-DFD45AFCD034}"
EndProject
Project("{FAE04EC0-301F-11D3-BF4B-00C04F79EFBC}") = "青岛市黄岛区第二中医院", "Functions\YuanTu.QDHD2ZY\青岛市黄岛区第二中医院.csproj", "{D0D36E29-A617-4838-8EA1-E34101685A26}"
EndProject
Project("{FAE04EC0-301F-11D3-BF4B-00C04F79EFBC}") = "青岛市妇女儿童医院", "Functions\YuanTu.QDFuErYY\青岛市妇女儿童医院.csproj", "{3E6ABE74-6AAB-44CE-B51D-DFA8C6F475E1}"
EndProject
Project("{FAE04EC0-301F-11D3-BF4B-00C04F79EFBC}") = "青岛开发区第一人民医院", "Functions\YuanTu.QDKFQRM\青岛开发区第一人民医院.csproj", "{AA3F02B9-E466-4A24-8B11-54971B216EB7}"
EndProject
Project("{FAE04EC0-301F-11D3-BF4B-00C04F79EFBC}") = "青岛市胶州中心医院", "Functions\YuanTu.QDJZZXYY\青岛市胶州中心医院.csproj", "{4ACB6F91-4B61-4EDC-9B53-9862D2811286}"
EndProject
Project("{2150E333-8FDC-42A3-9474-1A3956D46DE8}") = "浙江", "浙江", "{5D347294-7EB5-4C05-B7BB-D978413CEA2B}"
EndProject
Project("{FAE04EC0-301F-11D3-BF4B-00C04F79EFBC}") = "桐乡银医项目", "Functions\YuanTu.TongXiangHospitals\桐乡银医项目.csproj", "{09B017DE-33E5-404F-816E-9EEC1C26E027}"
EndProject
Project("{2150E333-8FDC-42A3-9474-1A3956D46DE8}") = "湖南", "湖南", "{F964BDB2-F61D-4076-826C-A20E8E1FC564}"
EndProject
Project("{2150E333-8FDC-42A3-9474-1A3956D46DE8}") = "义乌", "义乌", "{3E60083A-5C01-4830-A5AA-E96F07132865}"
EndProject
Project("{FAE04EC0-301F-11D3-BF4B-00C04F79EFBC}") = "YuanTu.YiWuArea", "Functions\YuanTu.YiWuArea\YuanTu.YiWuArea.csproj", "{F0BA109D-38EF-44FE-A5F9-62ECA6AE2CD9}"
EndProject
Project("{FAE04EC0-301F-11D3-BF4B-00C04F79EFBC}") = "义乌妇保", "Functions\YuanTu.YiWuFuBao\义乌妇保.csproj", "{0B5B2856-6ADB-42B0-996D-C2E54EE00DD5}"
EndProject
Project("{FAE04EC0-301F-11D3-BF4B-00C04F79EFBC}") = "湖南航天医院", "Functions\YuanTu.HuNanHangTianHospital\湖南航天医院.csproj", "{6DCC7A6C-ADB0-4E0D-93AB-5EC179B2907A}"
EndProject
Project("{2150E333-8FDC-42A3-9474-1A3956D46DE8}") = "桐乡", "桐乡", "{CF9172AE-2DF9-41FD-9368-E8352584F482}"
EndProject
Project("{FAE04EC0-301F-11D3-BF4B-00C04F79EFBC}") = "桐乡第一人民医院", "Functions\YuanTu.TongXiangFirstHospital\桐乡第一人民医院.csproj", "{B3D0B435-C238-4E89-8845-0EF12A2E2E68}"
EndProject
Project("{FAE04EC0-301F-11D3-BF4B-00C04F79EFBC}") = "桐乡第三人民医院", "Functions\YuanTu.TongXiangThirdHospital\桐乡第三人民医院.csproj", "{8E8C9FA6-3A2F-459D-98F9-4C981F41F9DD}"
EndProject
Project("{FAE04EC0-301F-11D3-BF4B-00C04F79EFBC}") = "YuanTu.ISO8583", "Core\YuanTu.ISO8583\YuanTu.ISO8583.csproj", "{AAC837B7-165E-4FF4-A2C4-9BC47A5B292C}"
EndProject
Project("{FAE04EC0-301F-11D3-BF4B-00C04F79EFBC}") = "YuanTu.ISO8583.Test", "Tests\YuanTu.ISO8583.Test\YuanTu.ISO8583.Test.csproj", "{61998851-E3C0-4442-97E6-F3349AA640FC}"
EndProject
Project("{2150E333-8FDC-42A3-9474-1A3956D46DE8}") = "青岛", "青岛", "{1CD2A888-F25C-4383-98A3-3EDC88CA8FFF}"
EndProject
Project("{2150E333-8FDC-42A3-9474-1A3956D46DE8}") = "威海", "威海", "{148FB43F-4472-4A8E-A7C2-0EC596AF21C4}"
EndProject
Project("{FAE04EC0-301F-11D3-BF4B-00C04F79EFBC}") = "YuanTu.WeiHaiArea", "Functions\YuanTu.WeiHaiArea\YuanTu.WeiHaiArea.csproj", "{9173FFAA-9FF0-499C-A9DE-3570D3D31F3B}"
EndProject
Project("{FAE04EC0-301F-11D3-BF4B-00C04F79EFBC}") = "威海中心医院", "Functions\YuanTu.WeiHaiZXYY\威海中心医院.csproj", "{F50ACA42-197D-4CE5-A0E8-DCAB152F2928}"
EndProject
Project("{FAE04EC0-301F-11D3-BF4B-00C04F79EFBC}") = "YuanTu.Default.Theme", "Functions\YuanTu.Default.Theme\YuanTu.Default.Theme.csproj", "{E34D9B84-6F0B-4D9D-AEFD-A7E2A512B787}"
EndProject
Project("{FAE04EC0-301F-11D3-BF4B-00C04F79EFBC}") = "YuanTu.Default.Clinic", "Functions\YuanTu.Default.Clinic\YuanTu.Default.Clinic.csproj", "{8EBC7C0B-9916-4E2E-BCE7-3ABB171C84B1}"
EndProject
Project("{FAE04EC0-301F-11D3-BF4B-00C04F79EFBC}") = "桐乡中医医院", "Functions\YuanTu.TongXiangTcmHosipital\桐乡中医医院.csproj", "{BEAC85C3-D521-483E-A91B-7E892B65B622}"
EndProject
Project("{2150E333-8FDC-42A3-9474-1A3956D46DE8}") = "广东", "广东", "{917DC251-6C84-44AE-B501-E37C3379D1CF}"
EndProject
Project("{2150E333-8FDC-42A3-9474-1A3956D46DE8}") = "广州", "广州", "{D7FEE711-7FC2-47D9-9627-9A9A15912740}"
EndProject
Project("{FAE04EC0-301F-11D3-BF4B-00C04F79EFBC}") = "YuanTu.Default.House", "Functions\YuanTu.Default.House\YuanTu.Default.House.csproj", "{46267525-7D7D-46DC-B941-C5399F85CDD0}"
EndProject
Project("{FAE04EC0-301F-11D3-BF4B-00C04F79EFBC}") = "番禺健康自助终端", "Functions\YuanTu.PanYu.House\番禺健康自助终端.csproj", "{748DB0EA-4EB8-4C90-9CC4-08331AAAE6B7}"
EndProject
Project("{2150E333-8FDC-42A3-9474-1A3956D46DE8}") = "烟台", "烟台", "{FC370B2D-D0A1-4CCA-8E77-EB22F5F8C893}"
EndProject
Project("{FAE04EC0-301F-11D3-BF4B-00C04F79EFBC}") = "YuanTu.YanTaiArea", "Functions\YuanTu.YanTaiArea\YuanTu.YanTaiArea.csproj", "{092AA048-5360-49EA-9846-E92C7E911A83}"
EndProject
Project("{FAE04EC0-301F-11D3-BF4B-00C04F79EFBC}") = "烟台业达医院", "Functions\YuanTu.YanTaiYDYY\烟台业达医院.csproj", "{69F5D674-88EE-4FFA-A7CD-3D6D69134345}"
EndProject
Project("{2150E333-8FDC-42A3-9474-1A3956D46DE8}") = "重庆", "重庆", "{1DBF1A9D-60E3-4C37-A2CB-A64A4053DCFA}"
EndProject
Project("{FAE04EC0-301F-11D3-BF4B-00C04F79EFBC}") = "YuanTu.ChongQingArea", "Functions\YuanTu.ChongQingArea\YuanTu.ChongQingArea.csproj", "{4E037195-3A87-4640-ADF3-074AF7C3BF33}"
EndProject
Project("{2150E333-8FDC-42A3-9474-1A3956D46DE8}") = "绍兴", "绍兴", "{CDA1356D-6E4C-43CD-AC6B-4C33604BECDF}"
EndProject
Project("{FAE04EC0-301F-11D3-BF4B-00C04F79EFBC}") = "嵊州市人民医院", "Functions\YuanTu.ShengZhouHospital\嵊州市人民医院.csproj", "{E129006E-492A-46A2-AD63-722AB3D5F1AD}"
EndProject
Project("{2150E333-8FDC-42A3-9474-1A3956D46DE8}") = "虚拟医院", "虚拟医院", "{44BA1037-9E42-4108-B4EC-744D3E449FD8}"
EndProject
Project("{FAE04EC0-301F-11D3-BF4B-00C04F79EFBC}") = "YuanTu.VirtualHospital", "Functions\YuanTu.VirtualHospital\YuanTu.VirtualHospital.csproj", "{54AC6B81-6268-4793-BAC0-B1CDBC58C0CB}"
EndProject
Project("{2150E333-8FDC-42A3-9474-1A3956D46DE8}") = "台州", "台州", "{008681F6-8559-44BB-BBCD-8EBA955778C0}"
EndProject
Project("{2150E333-8FDC-42A3-9474-1A3956D46DE8}") = "萧山", "萧山", "{F76F6D8F-1D4A-4FEA-95C6-0BB6416021AD}"
EndProject
Project("{FAE04EC0-301F-11D3-BF4B-00C04F79EFBC}") = "YuanTu.YuHangArea", "Functions\XiaoShanArea\YuanTu.YuHangArea.csproj", "{608392DF-6C3A-49DD-82FC-5D163EA1016F}"
EndProject
Project("{FAE04EC0-301F-11D3-BF4B-00C04F79EFBC}") = "桐乡第四人民医院", "Functions\YuanTu.TongXiangFourthHospital\桐乡第四人民医院.csproj", "{18CFBCD2-222B-462B-AB67-584C5540448A}"
EndProject
Project("{2150E333-8FDC-42A3-9474-1A3956D46DE8}") = "杭州", "杭州", "{3E54D902-41B4-4C38-BE90-68A30E2542D7}"
EndProject
Project("{FAE04EC0-301F-11D3-BF4B-00C04F79EFBC}") = "浙江医院", "Functions\YuanTu.ZheJiangHospital\浙江医院.csproj", "{92D68953-2E97-4268-BA88-90A338F96C67}"
EndProject
Project("{2150E333-8FDC-42A3-9474-1A3956D46DE8}") = "南阳", "南阳", "{57949273-D212-403A-AE43-D7D8699CF070}"
EndProject
Project("{2150E333-8FDC-42A3-9474-1A3956D46DE8}") = "深圳", "深圳", "{43FE07C8-F559-46F4-AB5C-F250DA11A558}"
EndProject
Project("{FAE04EC0-301F-11D3-BF4B-00C04F79EFBC}") = "YuanTu.ShenZhenArea", "Functions\YuanTu.ShenZhenArea\YuanTu.ShenZhenArea.csproj", "{70E44349-D29A-4FCC-9979-6F4B0062468F}"
EndProject
Project("{FAE04EC0-301F-11D3-BF4B-00C04F79EFBC}") = "深圳宝安区人民医院", "Functions\YuanTu.ShenZhen.BaoAnPeopleHospital\深圳宝安区人民医院.csproj", "{C0DD7FA1-74BF-4D6B-9F68-6F8A36505FEA}"
EndProject
Project("{FAE04EC0-301F-11D3-BF4B-00C04F79EFBC}") = "桐乡石门镇中心卫生院", "Functions\YuanTu.TongXiangShiMenHospital\桐乡石门镇中心卫生院.csproj", "{DAA01BF6-16C3-43F6-8EBF-FBA36627AE8C}"
EndProject
Project("{FAE04EC0-301F-11D3-BF4B-00C04F79EFBC}") = "桐乡洲泉镇中心卫生院", "Functions\YuanTu.TongXiangZhouQuanHospital\桐乡洲泉镇中心卫生院.csproj", "{4588E59C-7359-4035-8B2A-050065113047}"
EndProject
Project("{FAE04EC0-301F-11D3-BF4B-00C04F79EFBC}") = "YuanTu.Default.Tablet", "Functions\YuanTu.Default.Tablet\YuanTu.Default.Tablet.csproj", "{ED980637-2B40-41F2-9BD0-94B619029F05}"
EndProject
Project("{FAE04EC0-301F-11D3-BF4B-00C04F79EFBC}") = "青岛健康自助终端", "Functions\YuanTu.QingDao.House\青岛健康自助终端.csproj", "{86D4BF4A-644C-4D30-8ADB-5C8FCD5D5467}"
EndProject
Project("{2150E333-8FDC-42A3-9474-1A3956D46DE8}") = "嘉善", "嘉善", "{05BF51C1-683E-4BD5-B272-E6C54E8178CD}"
EndProject
Project("{FAE04EC0-301F-11D3-BF4B-00C04F79EFBC}") = "嘉善第一人民医院", "Functions\YuanTu.JiaShanHospital\嘉善第一人民医院.csproj", "{25E87E9A-D04F-4497-93B1-BD68F81949E6}"
EndProject
Project("{2150E333-8FDC-42A3-9474-1A3956D46DE8}") = "余杭", "余杭", "{7696F676-8D20-4DD5-9A61-CB05F6C81542}"
EndProject
Project("{2150E333-8FDC-42A3-9474-1A3956D46DE8}") = "安徽", "安徽", "{1D0A32DC-2289-4D00-B6C8-51CC06A4496D}"
EndProject
Project("{2150E333-8FDC-42A3-9474-1A3956D46DE8}") = "阜阳", "阜阳", "{62A72291-B639-4CE2-8F51-6151147C77B1}"
EndProject
Project("{FAE04EC0-301F-11D3-BF4B-00C04F79EFBC}") = "阜阳人民医院", "Functions\YuanTu.FuYangRMYY\阜阳人民医院.csproj", "{FE728A59-41ED-4FCD-A106-5D5D358D1509}"
EndProject
Project("{FAE04EC0-301F-11D3-BF4B-00C04F79EFBC}") = "深圳宝安区中医院", "Functions\YuanTu.ShenZhen.BaoAnChineseMedicineHospital\深圳宝安区中医院.csproj", "{418C000F-FC38-4443-9CD4-BA21FD6C7BB6}"
EndProject
Project("{2150E333-8FDC-42A3-9474-1A3956D46DE8}") = "宁波", "宁波", "{09778C80-B19C-45C5-B8DC-A91776424603}"
EndProject
Project("{FAE04EC0-301F-11D3-BF4B-00C04F79EFBC}") = "余杭中医院", "Functions\YuanTu.YuHangZYY\余杭中医院.csproj", "{D1442D19-B095-4F3A-8A33-8EEBE799D4A0}"
EndProject
Project("{FAE04EC0-301F-11D3-BF4B-00C04F79EFBC}") = "桐乡第二人民医院", "Functions\YuanTu.TongXiangSecondHospital\桐乡第二人民医院.csproj", "{7D876810-D26D-446B-A915-181E1E907312}"
EndProject
Project("{FAE04EC0-301F-11D3-BF4B-00C04F79EFBC}") = "齐鲁医院", "Functions\YuanTu.QDQLYY\齐鲁医院.csproj", "{5FA60AED-FDB1-4E15-ABD2-AADF2DBB0016}"
EndProject
Project("{2150E333-8FDC-42A3-9474-1A3956D46DE8}") = "济南", "济南", "{5E5C9913-8141-461A-B82A-49E281EB088A}"
EndProject
Project("{FAE04EC0-301F-11D3-BF4B-00C04F79EFBC}") = "萧山中医院", "Functions\YuanTu.XiaoShanZYY\萧山中医院.csproj", "{3A646BB6-87F9-4DEA-8FDC-E35179B3B68C}"
EndProject
Project("{FAE04EC0-301F-11D3-BF4B-00C04F79EFBC}") = "深圳宝安区石岩人民医院", "Functions\YuanTu.ShenZhen.BaoAnShiYanHospital\深圳宝安区石岩人民医院.csproj", "{5EA33C0D-5011-443E-B0A2-1328B9AF68E8}"
EndProject
Project("{FAE04EC0-301F-11D3-BF4B-00C04F79EFBC}") = "桐乡市皮肤病防治院", "Functions\YuanTu.TongXiangPiFangHospital\桐乡市皮肤病防治院.csproj", "{0F1E1D83-47E6-4B3B-AE09-0B5F5CD8A8C8}"
EndProject
Project("{FAE04EC0-301F-11D3-BF4B-00C04F79EFBC}") = "深圳宝安区中心医院", "Functions\YuanTu.ShenZhen.BaoAnCenterHospital\深圳宝安区中心医院.csproj", "{1658741E-8BAC-4AA8-99D3-5C36E6F1F28D}"
EndProject
Project("{FAE04EC0-301F-11D3-BF4B-00C04F79EFBC}") = "浙江肿瘤医院", "Functions\YuanTu.ZheJiangZhongLiuHospital\浙江肿瘤医院.csproj", "{D4FD9F97-6025-47A0-B4C8-8C5E2D29B317}"
EndProject
Project("{2150E333-8FDC-42A3-9474-1A3956D46DE8}") = "上海", "上海", "{2278469F-83C2-4019-9F8E-C4C52DD0CAEB}"
EndProject
Project("{FAE04EC0-301F-11D3-BF4B-00C04F79EFBC}") = "余杭妇幼保健院", "Functions\YuanTu.YuHangFYBJY\余杭妇幼保健院.csproj", "{3750DF77-4656-4740-BF4B-B5CA1F7EAE46}"
EndProject
Project("{2150E333-8FDC-42A3-9474-1A3956D46DE8}") = "北京", "北京", "{6A0654EB-267B-434F-A4BC-ECF1ACEDF874}"
EndProject
Project("{FAE04EC0-301F-11D3-BF4B-00C04F79EFBC}") = "YuanTu.BJArea", "Functions\YuanTu.BJArea\YuanTu.BJArea.csproj", "{A7B072EA-69E3-4ED0-B6A0-AB5630C92172}"
EndProject
Project("{FAE04EC0-301F-11D3-BF4B-00C04F79EFBC}") = "北京市京都儿童医院", "Functions\YuanTu.BJJingDuETYY\北京市京都儿童医院.csproj", "{6FEF7910-CC96-4229-AF20-421F02F46595}"
EndProject
Project("{2150E333-8FDC-42A3-9474-1A3956D46DE8}") = "宁夏", "宁夏", "{B3BD7DFB-CCC2-4533-8733-7E38E9E32385}"
EndProject
Project("{FAE04EC0-301F-11D3-BF4B-00C04F79EFBC}") = "YuanTu.NingXiaHospital", "Functions\YuanTu.NingXiaHospital\YuanTu.NingXiaHospital.csproj", "{D71FC507-CFAE-4342-AA34-85181C59E42A}"
EndProject
Project("{2150E333-8FDC-42A3-9474-1A3956D46DE8}") = "2.默认", "2.默认", "{1F4D1336-1004-446A-ADA4-468CD68CAF0D}"
EndProject
Project("{FAE04EC0-301F-11D3-BF4B-00C04F79EFBC}") = "北京大学深圳医院", "Functions\YuanTu.ShenZhen.PekingUniversityHospital\北京大学深圳医院.csproj", "{6EB5BD73-AE35-4EDF-AF48-BFEC8C3AEE07}"
EndProject
Project("{FAE04EC0-301F-11D3-BF4B-00C04F79EFBC}") = "浙江医院三墩院区", "Functions\YuanTu.ZheJiangHospitalSanDun\浙江医院三墩院区.csproj", "{325C2038-084B-4C56-B232-DF6956C4D1F4}"
EndProject
Project("{FAE04EC0-301F-11D3-BF4B-00C04F79EFBC}") = "嵊州市中医院", "Functions\YuanTu.ShengZhouZhongYiHospital\嵊州市中医院.csproj", "{9483D64B-7261-4A4A-9C74-CC7D3BD3FF02}"
EndProject
Global
	GlobalSection(SolutionConfigurationPlatforms) = preSolution
		Debug|Any CPU = Debug|Any CPU
		Release|Any CPU = Release|Any CPU
	EndGlobalSection
	GlobalSection(ProjectConfigurationPlatforms) = postSolution
		{ED64EB6A-D202-463E-928A-9D31C2D57352}.Debug|Any CPU.ActiveCfg = Debug|Any CPU
		{ED64EB6A-D202-463E-928A-9D31C2D57352}.Debug|Any CPU.Build.0 = Debug|Any CPU
		{ED64EB6A-D202-463E-928A-9D31C2D57352}.Release|Any CPU.ActiveCfg = Release|Any CPU
		{ED64EB6A-D202-463E-928A-9D31C2D57352}.Release|Any CPU.Build.0 = Release|Any CPU
		{AB393F77-C15F-43C8-AC02-C9686A79B668}.Debug|Any CPU.ActiveCfg = Debug|Any CPU
		{AB393F77-C15F-43C8-AC02-C9686A79B668}.Debug|Any CPU.Build.0 = Debug|Any CPU
		{AB393F77-C15F-43C8-AC02-C9686A79B668}.Release|Any CPU.ActiveCfg = Release|Any CPU
		{AB393F77-C15F-43C8-AC02-C9686A79B668}.Release|Any CPU.Build.0 = Release|Any CPU
		{2D55167C-D5D1-42B3-9E61-4A413FAC957A}.Debug|Any CPU.ActiveCfg = Debug|Any CPU
		{2D55167C-D5D1-42B3-9E61-4A413FAC957A}.Debug|Any CPU.Build.0 = Debug|Any CPU
		{2D55167C-D5D1-42B3-9E61-4A413FAC957A}.Release|Any CPU.ActiveCfg = Release|Any CPU
		{2D55167C-D5D1-42B3-9E61-4A413FAC957A}.Release|Any CPU.Build.0 = Release|Any CPU
		{650EB36A-029E-43A8-8656-3E6FB8E3F277}.Debug|Any CPU.ActiveCfg = Debug|Any CPU
		{650EB36A-029E-43A8-8656-3E6FB8E3F277}.Debug|Any CPU.Build.0 = Debug|Any CPU
		{650EB36A-029E-43A8-8656-3E6FB8E3F277}.Release|Any CPU.ActiveCfg = Release|Any CPU
		{650EB36A-029E-43A8-8656-3E6FB8E3F277}.Release|Any CPU.Build.0 = Release|Any CPU
		{9F7B7AE5-675F-4333-8140-A62FBC0DA2AF}.Debug|Any CPU.ActiveCfg = Debug|Any CPU
		{9F7B7AE5-675F-4333-8140-A62FBC0DA2AF}.Debug|Any CPU.Build.0 = Debug|Any CPU
		{9F7B7AE5-675F-4333-8140-A62FBC0DA2AF}.Release|Any CPU.ActiveCfg = Release|Any CPU
		{9F7B7AE5-675F-4333-8140-A62FBC0DA2AF}.Release|Any CPU.Build.0 = Release|Any CPU
		{D1A513FC-5770-4C4F-A616-39AC476E2E55}.Debug|Any CPU.ActiveCfg = Debug|Any CPU
		{D1A513FC-5770-4C4F-A616-39AC476E2E55}.Debug|Any CPU.Build.0 = Debug|Any CPU
		{D1A513FC-5770-4C4F-A616-39AC476E2E55}.Release|Any CPU.ActiveCfg = Release|Any CPU
		{D1A513FC-5770-4C4F-A616-39AC476E2E55}.Release|Any CPU.Build.0 = Release|Any CPU
		{408BE3A7-37D9-445E-98A8-AB5EDF597A89}.Debug|Any CPU.ActiveCfg = Debug|Any CPU
		{408BE3A7-37D9-445E-98A8-AB5EDF597A89}.Debug|Any CPU.Build.0 = Debug|Any CPU
		{408BE3A7-37D9-445E-98A8-AB5EDF597A89}.Release|Any CPU.ActiveCfg = Release|Any CPU
		{408BE3A7-37D9-445E-98A8-AB5EDF597A89}.Release|Any CPU.Build.0 = Release|Any CPU
		{B5C0A85C-016F-4A3B-B564-1BDF99315862}.Debug|Any CPU.ActiveCfg = Debug|Any CPU
		{B5C0A85C-016F-4A3B-B564-1BDF99315862}.Debug|Any CPU.Build.0 = Debug|Any CPU
		{B5C0A85C-016F-4A3B-B564-1BDF99315862}.Release|Any CPU.ActiveCfg = Release|Any CPU
		{B5C0A85C-016F-4A3B-B564-1BDF99315862}.Release|Any CPU.Build.0 = Release|Any CPU
		{808CC3B5-755E-4BBD-A86D-38A64ECCDC95}.Debug|Any CPU.ActiveCfg = Debug|Any CPU
		{808CC3B5-755E-4BBD-A86D-38A64ECCDC95}.Debug|Any CPU.Build.0 = Debug|Any CPU
		{808CC3B5-755E-4BBD-A86D-38A64ECCDC95}.Release|Any CPU.ActiveCfg = Release|Any CPU
		{808CC3B5-755E-4BBD-A86D-38A64ECCDC95}.Release|Any CPU.Build.0 = Release|Any CPU
		{4BA4719C-C6AB-49BA-9754-848CA24C1FD6}.Debug|Any CPU.ActiveCfg = Debug|Any CPU
		{4BA4719C-C6AB-49BA-9754-848CA24C1FD6}.Debug|Any CPU.Build.0 = Debug|Any CPU
		{4BA4719C-C6AB-49BA-9754-848CA24C1FD6}.Release|Any CPU.ActiveCfg = Release|Any CPU
		{4BA4719C-C6AB-49BA-9754-848CA24C1FD6}.Release|Any CPU.Build.0 = Release|Any CPU
		{B4F011FB-7F73-45EA-A335-DFD45AFCD034}.Debug|Any CPU.ActiveCfg = Debug|Any CPU
		{B4F011FB-7F73-45EA-A335-DFD45AFCD034}.Debug|Any CPU.Build.0 = Debug|Any CPU
		{B4F011FB-7F73-45EA-A335-DFD45AFCD034}.Release|Any CPU.ActiveCfg = Release|Any CPU
		{B4F011FB-7F73-45EA-A335-DFD45AFCD034}.Release|Any CPU.Build.0 = Release|Any CPU
		{D0D36E29-A617-4838-8EA1-E34101685A26}.Debug|Any CPU.ActiveCfg = Debug|Any CPU
		{D0D36E29-A617-4838-8EA1-E34101685A26}.Debug|Any CPU.Build.0 = Debug|Any CPU
		{D0D36E29-A617-4838-8EA1-E34101685A26}.Release|Any CPU.ActiveCfg = Release|Any CPU
		{D0D36E29-A617-4838-8EA1-E34101685A26}.Release|Any CPU.Build.0 = Release|Any CPU
		{3E6ABE74-6AAB-44CE-B51D-DFA8C6F475E1}.Debug|Any CPU.ActiveCfg = Debug|Any CPU
		{3E6ABE74-6AAB-44CE-B51D-DFA8C6F475E1}.Debug|Any CPU.Build.0 = Debug|Any CPU
		{3E6ABE74-6AAB-44CE-B51D-DFA8C6F475E1}.Release|Any CPU.ActiveCfg = Release|Any CPU
		{3E6ABE74-6AAB-44CE-B51D-DFA8C6F475E1}.Release|Any CPU.Build.0 = Release|Any CPU
		{AA3F02B9-E466-4A24-8B11-54971B216EB7}.Debug|Any CPU.ActiveCfg = Debug|Any CPU
		{AA3F02B9-E466-4A24-8B11-54971B216EB7}.Debug|Any CPU.Build.0 = Debug|Any CPU
		{AA3F02B9-E466-4A24-8B11-54971B216EB7}.Release|Any CPU.ActiveCfg = Release|Any CPU
		{AA3F02B9-E466-4A24-8B11-54971B216EB7}.Release|Any CPU.Build.0 = Release|Any CPU
		{4ACB6F91-4B61-4EDC-9B53-9862D2811286}.Debug|Any CPU.ActiveCfg = Debug|Any CPU
		{4ACB6F91-4B61-4EDC-9B53-9862D2811286}.Debug|Any CPU.Build.0 = Debug|Any CPU
		{4ACB6F91-4B61-4EDC-9B53-9862D2811286}.Release|Any CPU.ActiveCfg = Release|Any CPU
		{4ACB6F91-4B61-4EDC-9B53-9862D2811286}.Release|Any CPU.Build.0 = Release|Any CPU
		{09B017DE-33E5-404F-816E-9EEC1C26E027}.Debug|Any CPU.ActiveCfg = Debug|Any CPU
		{09B017DE-33E5-404F-816E-9EEC1C26E027}.Debug|Any CPU.Build.0 = Debug|Any CPU
		{09B017DE-33E5-404F-816E-9EEC1C26E027}.Release|Any CPU.ActiveCfg = Release|Any CPU
		{09B017DE-33E5-404F-816E-9EEC1C26E027}.Release|Any CPU.Build.0 = Release|Any CPU
		{F0BA109D-38EF-44FE-A5F9-62ECA6AE2CD9}.Debug|Any CPU.ActiveCfg = Debug|Any CPU
		{F0BA109D-38EF-44FE-A5F9-62ECA6AE2CD9}.Debug|Any CPU.Build.0 = Debug|Any CPU
		{F0BA109D-38EF-44FE-A5F9-62ECA6AE2CD9}.Release|Any CPU.ActiveCfg = Release|Any CPU
		{F0BA109D-38EF-44FE-A5F9-62ECA6AE2CD9}.Release|Any CPU.Build.0 = Release|Any CPU
		{0B5B2856-6ADB-42B0-996D-C2E54EE00DD5}.Debug|Any CPU.ActiveCfg = Debug|Any CPU
		{0B5B2856-6ADB-42B0-996D-C2E54EE00DD5}.Debug|Any CPU.Build.0 = Debug|Any CPU
		{0B5B2856-6ADB-42B0-996D-C2E54EE00DD5}.Release|Any CPU.ActiveCfg = Release|Any CPU
		{0B5B2856-6ADB-42B0-996D-C2E54EE00DD5}.Release|Any CPU.Build.0 = Release|Any CPU
		{6DCC7A6C-ADB0-4E0D-93AB-5EC179B2907A}.Debug|Any CPU.ActiveCfg = Debug|Any CPU
		{6DCC7A6C-ADB0-4E0D-93AB-5EC179B2907A}.Debug|Any CPU.Build.0 = Debug|Any CPU
		{6DCC7A6C-ADB0-4E0D-93AB-5EC179B2907A}.Release|Any CPU.ActiveCfg = Release|Any CPU
		{6DCC7A6C-ADB0-4E0D-93AB-5EC179B2907A}.Release|Any CPU.Build.0 = Release|Any CPU
		{B3D0B435-C238-4E89-8845-0EF12A2E2E68}.Debug|Any CPU.ActiveCfg = Debug|Any CPU
		{B3D0B435-C238-4E89-8845-0EF12A2E2E68}.Debug|Any CPU.Build.0 = Debug|Any CPU
		{B3D0B435-C238-4E89-8845-0EF12A2E2E68}.Release|Any CPU.ActiveCfg = Release|Any CPU
		{B3D0B435-C238-4E89-8845-0EF12A2E2E68}.Release|Any CPU.Build.0 = Release|Any CPU
		{8E8C9FA6-3A2F-459D-98F9-4C981F41F9DD}.Debug|Any CPU.ActiveCfg = Debug|Any CPU
		{8E8C9FA6-3A2F-459D-98F9-4C981F41F9DD}.Debug|Any CPU.Build.0 = Debug|Any CPU
		{8E8C9FA6-3A2F-459D-98F9-4C981F41F9DD}.Release|Any CPU.ActiveCfg = Release|Any CPU
		{8E8C9FA6-3A2F-459D-98F9-4C981F41F9DD}.Release|Any CPU.Build.0 = Release|Any CPU
		{AAC837B7-165E-4FF4-A2C4-9BC47A5B292C}.Debug|Any CPU.ActiveCfg = Debug|Any CPU
		{AAC837B7-165E-4FF4-A2C4-9BC47A5B292C}.Debug|Any CPU.Build.0 = Debug|Any CPU
		{AAC837B7-165E-4FF4-A2C4-9BC47A5B292C}.Release|Any CPU.ActiveCfg = Release|Any CPU
		{AAC837B7-165E-4FF4-A2C4-9BC47A5B292C}.Release|Any CPU.Build.0 = Release|Any CPU
		{61998851-E3C0-4442-97E6-F3349AA640FC}.Debug|Any CPU.ActiveCfg = Debug|Any CPU
		{61998851-E3C0-4442-97E6-F3349AA640FC}.Debug|Any CPU.Build.0 = Debug|Any CPU
		{61998851-E3C0-4442-97E6-F3349AA640FC}.Release|Any CPU.ActiveCfg = Release|Any CPU
		{61998851-E3C0-4442-97E6-F3349AA640FC}.Release|Any CPU.Build.0 = Release|Any CPU
		{9173FFAA-9FF0-499C-A9DE-3570D3D31F3B}.Debug|Any CPU.ActiveCfg = Debug|Any CPU
		{9173FFAA-9FF0-499C-A9DE-3570D3D31F3B}.Debug|Any CPU.Build.0 = Debug|Any CPU
		{9173FFAA-9FF0-499C-A9DE-3570D3D31F3B}.Release|Any CPU.ActiveCfg = Release|Any CPU
		{9173FFAA-9FF0-499C-A9DE-3570D3D31F3B}.Release|Any CPU.Build.0 = Release|Any CPU
		{F50ACA42-197D-4CE5-A0E8-DCAB152F2928}.Debug|Any CPU.ActiveCfg = Debug|Any CPU
		{F50ACA42-197D-4CE5-A0E8-DCAB152F2928}.Debug|Any CPU.Build.0 = Debug|Any CPU
		{F50ACA42-197D-4CE5-A0E8-DCAB152F2928}.Release|Any CPU.ActiveCfg = Release|Any CPU
		{F50ACA42-197D-4CE5-A0E8-DCAB152F2928}.Release|Any CPU.Build.0 = Release|Any CPU
		{E34D9B84-6F0B-4D9D-AEFD-A7E2A512B787}.Debug|Any CPU.ActiveCfg = Debug|Any CPU
		{E34D9B84-6F0B-4D9D-AEFD-A7E2A512B787}.Debug|Any CPU.Build.0 = Debug|Any CPU
		{E34D9B84-6F0B-4D9D-AEFD-A7E2A512B787}.Release|Any CPU.ActiveCfg = Release|Any CPU
		{E34D9B84-6F0B-4D9D-AEFD-A7E2A512B787}.Release|Any CPU.Build.0 = Release|Any CPU
		{8EBC7C0B-9916-4E2E-BCE7-3ABB171C84B1}.Debug|Any CPU.ActiveCfg = Debug|Any CPU
		{8EBC7C0B-9916-4E2E-BCE7-3ABB171C84B1}.Debug|Any CPU.Build.0 = Debug|Any CPU
		{8EBC7C0B-9916-4E2E-BCE7-3ABB171C84B1}.Release|Any CPU.ActiveCfg = Release|Any CPU
		{8EBC7C0B-9916-4E2E-BCE7-3ABB171C84B1}.Release|Any CPU.Build.0 = Release|Any CPU
		{BEAC85C3-D521-483E-A91B-7E892B65B622}.Debug|Any CPU.ActiveCfg = Debug|Any CPU
		{BEAC85C3-D521-483E-A91B-7E892B65B622}.Debug|Any CPU.Build.0 = Debug|Any CPU
		{BEAC85C3-D521-483E-A91B-7E892B65B622}.Release|Any CPU.ActiveCfg = Release|Any CPU
		{BEAC85C3-D521-483E-A91B-7E892B65B622}.Release|Any CPU.Build.0 = Release|Any CPU
		{46267525-7D7D-46DC-B941-C5399F85CDD0}.Debug|Any CPU.ActiveCfg = Debug|Any CPU
		{46267525-7D7D-46DC-B941-C5399F85CDD0}.Debug|Any CPU.Build.0 = Debug|Any CPU
		{46267525-7D7D-46DC-B941-C5399F85CDD0}.Release|Any CPU.ActiveCfg = Release|Any CPU
		{46267525-7D7D-46DC-B941-C5399F85CDD0}.Release|Any CPU.Build.0 = Release|Any CPU
		{748DB0EA-4EB8-4C90-9CC4-08331AAAE6B7}.Debug|Any CPU.ActiveCfg = Debug|Any CPU
		{748DB0EA-4EB8-4C90-9CC4-08331AAAE6B7}.Debug|Any CPU.Build.0 = Debug|Any CPU
		{748DB0EA-4EB8-4C90-9CC4-08331AAAE6B7}.Release|Any CPU.ActiveCfg = Release|Any CPU
		{748DB0EA-4EB8-4C90-9CC4-08331AAAE6B7}.Release|Any CPU.Build.0 = Release|Any CPU
		{092AA048-5360-49EA-9846-E92C7E911A83}.Debug|Any CPU.ActiveCfg = Debug|Any CPU
		{092AA048-5360-49EA-9846-E92C7E911A83}.Debug|Any CPU.Build.0 = Debug|Any CPU
		{092AA048-5360-49EA-9846-E92C7E911A83}.Release|Any CPU.ActiveCfg = Release|Any CPU
		{092AA048-5360-49EA-9846-E92C7E911A83}.Release|Any CPU.Build.0 = Release|Any CPU
		{69F5D674-88EE-4FFA-A7CD-3D6D69134345}.Debug|Any CPU.ActiveCfg = Debug|Any CPU
		{69F5D674-88EE-4FFA-A7CD-3D6D69134345}.Debug|Any CPU.Build.0 = Debug|Any CPU
		{69F5D674-88EE-4FFA-A7CD-3D6D69134345}.Release|Any CPU.ActiveCfg = Release|Any CPU
		{69F5D674-88EE-4FFA-A7CD-3D6D69134345}.Release|Any CPU.Build.0 = Release|Any CPU
		{4E037195-3A87-4640-ADF3-074AF7C3BF33}.Debug|Any CPU.ActiveCfg = Debug|Any CPU
		{4E037195-3A87-4640-ADF3-074AF7C3BF33}.Debug|Any CPU.Build.0 = Debug|Any CPU
		{4E037195-3A87-4640-ADF3-074AF7C3BF33}.Release|Any CPU.ActiveCfg = Release|Any CPU
		{4E037195-3A87-4640-ADF3-074AF7C3BF33}.Release|Any CPU.Build.0 = Release|Any CPU
		{E129006E-492A-46A2-AD63-722AB3D5F1AD}.Debug|Any CPU.ActiveCfg = Debug|Any CPU
		{E129006E-492A-46A2-AD63-722AB3D5F1AD}.Debug|Any CPU.Build.0 = Debug|Any CPU
		{E129006E-492A-46A2-AD63-722AB3D5F1AD}.Release|Any CPU.ActiveCfg = Release|Any CPU
		{E129006E-492A-46A2-AD63-722AB3D5F1AD}.Release|Any CPU.Build.0 = Release|Any CPU
		{54AC6B81-6268-4793-BAC0-B1CDBC58C0CB}.Debug|Any CPU.ActiveCfg = Debug|Any CPU
		{54AC6B81-6268-4793-BAC0-B1CDBC58C0CB}.Debug|Any CPU.Build.0 = Debug|Any CPU
		{54AC6B81-6268-4793-BAC0-B1CDBC58C0CB}.Release|Any CPU.ActiveCfg = Release|Any CPU
		{54AC6B81-6268-4793-BAC0-B1CDBC58C0CB}.Release|Any CPU.Build.0 = Release|Any CPU
		{608392DF-6C3A-49DD-82FC-5D163EA1016F}.Debug|Any CPU.ActiveCfg = Debug|Any CPU
		{608392DF-6C3A-49DD-82FC-5D163EA1016F}.Debug|Any CPU.Build.0 = Debug|Any CPU
		{608392DF-6C3A-49DD-82FC-5D163EA1016F}.Release|Any CPU.ActiveCfg = Release|Any CPU
		{608392DF-6C3A-49DD-82FC-5D163EA1016F}.Release|Any CPU.Build.0 = Release|Any CPU
		{18CFBCD2-222B-462B-AB67-584C5540448A}.Debug|Any CPU.ActiveCfg = Debug|Any CPU
		{18CFBCD2-222B-462B-AB67-584C5540448A}.Debug|Any CPU.Build.0 = Debug|Any CPU
		{18CFBCD2-222B-462B-AB67-584C5540448A}.Release|Any CPU.ActiveCfg = Release|Any CPU
		{18CFBCD2-222B-462B-AB67-584C5540448A}.Release|Any CPU.Build.0 = Release|Any CPU
		{92D68953-2E97-4268-BA88-90A338F96C67}.Debug|Any CPU.ActiveCfg = Debug|Any CPU
		{92D68953-2E97-4268-BA88-90A338F96C67}.Debug|Any CPU.Build.0 = Debug|Any CPU
		{92D68953-2E97-4268-BA88-90A338F96C67}.Release|Any CPU.ActiveCfg = Release|Any CPU
		{92D68953-2E97-4268-BA88-90A338F96C67}.Release|Any CPU.Build.0 = Release|Any CPU
		{70E44349-D29A-4FCC-9979-6F4B0062468F}.Debug|Any CPU.ActiveCfg = Debug|Any CPU
		{70E44349-D29A-4FCC-9979-6F4B0062468F}.Debug|Any CPU.Build.0 = Debug|Any CPU
		{70E44349-D29A-4FCC-9979-6F4B0062468F}.Release|Any CPU.ActiveCfg = Release|Any CPU
		{70E44349-D29A-4FCC-9979-6F4B0062468F}.Release|Any CPU.Build.0 = Release|Any CPU
		{C0DD7FA1-74BF-4D6B-9F68-6F8A36505FEA}.Debug|Any CPU.ActiveCfg = Debug|Any CPU
		{C0DD7FA1-74BF-4D6B-9F68-6F8A36505FEA}.Debug|Any CPU.Build.0 = Debug|Any CPU
		{C0DD7FA1-74BF-4D6B-9F68-6F8A36505FEA}.Release|Any CPU.ActiveCfg = Release|Any CPU
		{C0DD7FA1-74BF-4D6B-9F68-6F8A36505FEA}.Release|Any CPU.Build.0 = Release|Any CPU
		{DAA01BF6-16C3-43F6-8EBF-FBA36627AE8C}.Debug|Any CPU.ActiveCfg = Debug|Any CPU
		{DAA01BF6-16C3-43F6-8EBF-FBA36627AE8C}.Debug|Any CPU.Build.0 = Debug|Any CPU
		{DAA01BF6-16C3-43F6-8EBF-FBA36627AE8C}.Release|Any CPU.ActiveCfg = Release|Any CPU
		{DAA01BF6-16C3-43F6-8EBF-FBA36627AE8C}.Release|Any CPU.Build.0 = Release|Any CPU
		{4588E59C-7359-4035-8B2A-050065113047}.Debug|Any CPU.ActiveCfg = Debug|Any CPU
		{4588E59C-7359-4035-8B2A-050065113047}.Debug|Any CPU.Build.0 = Debug|Any CPU
		{4588E59C-7359-4035-8B2A-050065113047}.Release|Any CPU.ActiveCfg = Release|Any CPU
		{4588E59C-7359-4035-8B2A-050065113047}.Release|Any CPU.Build.0 = Release|Any CPU
		{ED980637-2B40-41F2-9BD0-94B619029F05}.Debug|Any CPU.ActiveCfg = Debug|Any CPU
		{ED980637-2B40-41F2-9BD0-94B619029F05}.Debug|Any CPU.Build.0 = Debug|Any CPU
		{ED980637-2B40-41F2-9BD0-94B619029F05}.Release|Any CPU.ActiveCfg = Release|Any CPU
		{ED980637-2B40-41F2-9BD0-94B619029F05}.Release|Any CPU.Build.0 = Release|Any CPU
		{86D4BF4A-644C-4D30-8ADB-5C8FCD5D5467}.Debug|Any CPU.ActiveCfg = Debug|Any CPU
		{86D4BF4A-644C-4D30-8ADB-5C8FCD5D5467}.Debug|Any CPU.Build.0 = Debug|Any CPU
		{86D4BF4A-644C-4D30-8ADB-5C8FCD5D5467}.Release|Any CPU.ActiveCfg = Release|Any CPU
		{86D4BF4A-644C-4D30-8ADB-5C8FCD5D5467}.Release|Any CPU.Build.0 = Release|Any CPU
		{25E87E9A-D04F-4497-93B1-BD68F81949E6}.Debug|Any CPU.ActiveCfg = Debug|Any CPU
		{25E87E9A-D04F-4497-93B1-BD68F81949E6}.Debug|Any CPU.Build.0 = Debug|Any CPU
		{25E87E9A-D04F-4497-93B1-BD68F81949E6}.Release|Any CPU.ActiveCfg = Release|Any CPU
		{25E87E9A-D04F-4497-93B1-BD68F81949E6}.Release|Any CPU.Build.0 = Release|Any CPU
		{FE728A59-41ED-4FCD-A106-5D5D358D1509}.Debug|Any CPU.ActiveCfg = Debug|Any CPU
		{FE728A59-41ED-4FCD-A106-5D5D358D1509}.Debug|Any CPU.Build.0 = Debug|Any CPU
		{FE728A59-41ED-4FCD-A106-5D5D358D1509}.Release|Any CPU.ActiveCfg = Release|Any CPU
		{FE728A59-41ED-4FCD-A106-5D5D358D1509}.Release|Any CPU.Build.0 = Release|Any CPU
		{418C000F-FC38-4443-9CD4-BA21FD6C7BB6}.Debug|Any CPU.ActiveCfg = Debug|Any CPU
		{418C000F-FC38-4443-9CD4-BA21FD6C7BB6}.Debug|Any CPU.Build.0 = Debug|Any CPU
		{418C000F-FC38-4443-9CD4-BA21FD6C7BB6}.Release|Any CPU.ActiveCfg = Release|Any CPU
		{418C000F-FC38-4443-9CD4-BA21FD6C7BB6}.Release|Any CPU.Build.0 = Release|Any CPU
		{D1442D19-B095-4F3A-8A33-8EEBE799D4A0}.Debug|Any CPU.ActiveCfg = Debug|Any CPU
		{D1442D19-B095-4F3A-8A33-8EEBE799D4A0}.Debug|Any CPU.Build.0 = Debug|Any CPU
		{D1442D19-B095-4F3A-8A33-8EEBE799D4A0}.Release|Any CPU.ActiveCfg = Release|Any CPU
		{D1442D19-B095-4F3A-8A33-8EEBE799D4A0}.Release|Any CPU.Build.0 = Release|Any CPU
		{7D876810-D26D-446B-A915-181E1E907312}.Debug|Any CPU.ActiveCfg = Debug|Any CPU
		{7D876810-D26D-446B-A915-181E1E907312}.Debug|Any CPU.Build.0 = Debug|Any CPU
		{7D876810-D26D-446B-A915-181E1E907312}.Release|Any CPU.ActiveCfg = Release|Any CPU
		{7D876810-D26D-446B-A915-181E1E907312}.Release|Any CPU.Build.0 = Release|Any CPU
		{5FA60AED-FDB1-4E15-ABD2-AADF2DBB0016}.Debug|Any CPU.ActiveCfg = Debug|Any CPU
		{5FA60AED-FDB1-4E15-ABD2-AADF2DBB0016}.Debug|Any CPU.Build.0 = Debug|Any CPU
		{5FA60AED-FDB1-4E15-ABD2-AADF2DBB0016}.Release|Any CPU.ActiveCfg = Release|Any CPU
		{5FA60AED-FDB1-4E15-ABD2-AADF2DBB0016}.Release|Any CPU.Build.0 = Release|Any CPU
		{3A646BB6-87F9-4DEA-8FDC-E35179B3B68C}.Debug|Any CPU.ActiveCfg = Debug|Any CPU
		{3A646BB6-87F9-4DEA-8FDC-E35179B3B68C}.Debug|Any CPU.Build.0 = Debug|Any CPU
		{3A646BB6-87F9-4DEA-8FDC-E35179B3B68C}.Release|Any CPU.ActiveCfg = Release|Any CPU
		{3A646BB6-87F9-4DEA-8FDC-E35179B3B68C}.Release|Any CPU.Build.0 = Release|Any CPU
		{5EA33C0D-5011-443E-B0A2-1328B9AF68E8}.Debug|Any CPU.ActiveCfg = Debug|Any CPU
		{5EA33C0D-5011-443E-B0A2-1328B9AF68E8}.Debug|Any CPU.Build.0 = Debug|Any CPU
		{5EA33C0D-5011-443E-B0A2-1328B9AF68E8}.Release|Any CPU.ActiveCfg = Release|Any CPU
		{5EA33C0D-5011-443E-B0A2-1328B9AF68E8}.Release|Any CPU.Build.0 = Release|Any CPU
		{0F1E1D83-47E6-4B3B-AE09-0B5F5CD8A8C8}.Debug|Any CPU.ActiveCfg = Debug|Any CPU
		{0F1E1D83-47E6-4B3B-AE09-0B5F5CD8A8C8}.Debug|Any CPU.Build.0 = Debug|Any CPU
		{0F1E1D83-47E6-4B3B-AE09-0B5F5CD8A8C8}.Release|Any CPU.ActiveCfg = Release|Any CPU
		{0F1E1D83-47E6-4B3B-AE09-0B5F5CD8A8C8}.Release|Any CPU.Build.0 = Release|Any CPU
		{1658741E-8BAC-4AA8-99D3-5C36E6F1F28D}.Debug|Any CPU.ActiveCfg = Debug|Any CPU
		{1658741E-8BAC-4AA8-99D3-5C36E6F1F28D}.Debug|Any CPU.Build.0 = Debug|Any CPU
		{1658741E-8BAC-4AA8-99D3-5C36E6F1F28D}.Release|Any CPU.ActiveCfg = Release|Any CPU
		{1658741E-8BAC-4AA8-99D3-5C36E6F1F28D}.Release|Any CPU.Build.0 = Release|Any CPU
		{D4FD9F97-6025-47A0-B4C8-8C5E2D29B317}.Debug|Any CPU.ActiveCfg = Debug|Any CPU
		{D4FD9F97-6025-47A0-B4C8-8C5E2D29B317}.Debug|Any CPU.Build.0 = Debug|Any CPU
		{D4FD9F97-6025-47A0-B4C8-8C5E2D29B317}.Release|Any CPU.ActiveCfg = Release|Any CPU
		{D4FD9F97-6025-47A0-B4C8-8C5E2D29B317}.Release|Any CPU.Build.0 = Release|Any CPU
		{3750DF77-4656-4740-BF4B-B5CA1F7EAE46}.Debug|Any CPU.ActiveCfg = Debug|Any CPU
		{3750DF77-4656-4740-BF4B-B5CA1F7EAE46}.Debug|Any CPU.Build.0 = Debug|Any CPU
		{3750DF77-4656-4740-BF4B-B5CA1F7EAE46}.Release|Any CPU.ActiveCfg = Release|Any CPU
		{3750DF77-4656-4740-BF4B-B5CA1F7EAE46}.Release|Any CPU.Build.0 = Release|Any CPU
		{A7B072EA-69E3-4ED0-B6A0-AB5630C92172}.Debug|Any CPU.ActiveCfg = Debug|Any CPU
		{A7B072EA-69E3-4ED0-B6A0-AB5630C92172}.Debug|Any CPU.Build.0 = Debug|Any CPU
		{A7B072EA-69E3-4ED0-B6A0-AB5630C92172}.Release|Any CPU.ActiveCfg = Release|Any CPU
		{A7B072EA-69E3-4ED0-B6A0-AB5630C92172}.Release|Any CPU.Build.0 = Release|Any CPU
		{6FEF7910-CC96-4229-AF20-421F02F46595}.Debug|Any CPU.ActiveCfg = Debug|Any CPU
		{6FEF7910-CC96-4229-AF20-421F02F46595}.Debug|Any CPU.Build.0 = Debug|Any CPU
		{6FEF7910-CC96-4229-AF20-421F02F46595}.Release|Any CPU.ActiveCfg = Release|Any CPU
		{6FEF7910-CC96-4229-AF20-421F02F46595}.Release|Any CPU.Build.0 = Release|Any CPU
		{D71FC507-CFAE-4342-AA34-85181C59E42A}.Debug|Any CPU.ActiveCfg = Debug|Any CPU
		{D71FC507-CFAE-4342-AA34-85181C59E42A}.Debug|Any CPU.Build.0 = Debug|Any CPU
		{D71FC507-CFAE-4342-AA34-85181C59E42A}.Release|Any CPU.ActiveCfg = Release|Any CPU
		{D71FC507-CFAE-4342-AA34-85181C59E42A}.Release|Any CPU.Build.0 = Release|Any CPU
		{6EB5BD73-AE35-4EDF-AF48-BFEC8C3AEE07}.Debug|Any CPU.ActiveCfg = Debug|Any CPU
		{6EB5BD73-AE35-4EDF-AF48-BFEC8C3AEE07}.Debug|Any CPU.Build.0 = Debug|Any CPU
		{6EB5BD73-AE35-4EDF-AF48-BFEC8C3AEE07}.Release|Any CPU.ActiveCfg = Release|Any CPU
		{6EB5BD73-AE35-4EDF-AF48-BFEC8C3AEE07}.Release|Any CPU.Build.0 = Release|Any CPU
		{325C2038-084B-4C56-B232-DF6956C4D1F4}.Debug|Any CPU.ActiveCfg = Debug|Any CPU
		{325C2038-084B-4C56-B232-DF6956C4D1F4}.Debug|Any CPU.Build.0 = Debug|Any CPU
		{325C2038-084B-4C56-B232-DF6956C4D1F4}.Release|Any CPU.ActiveCfg = Release|Any CPU
		{325C2038-084B-4C56-B232-DF6956C4D1F4}.Release|Any CPU.Build.0 = Release|Any CPU
		{9483D64B-7261-4A4A-9C74-CC7D3BD3FF02}.Debug|Any CPU.ActiveCfg = Debug|Any CPU
		{9483D64B-7261-4A4A-9C74-CC7D3BD3FF02}.Debug|Any CPU.Build.0 = Debug|Any CPU
		{9483D64B-7261-4A4A-9C74-CC7D3BD3FF02}.Release|Any CPU.ActiveCfg = Release|Any CPU
		{9483D64B-7261-4A4A-9C74-CC7D3BD3FF02}.Release|Any CPU.Build.0 = Release|Any CPU
	EndGlobalSection
	GlobalSection(SolutionProperties) = preSolution
		HideSolutionNode = FALSE
	EndGlobalSection
	GlobalSection(NestedProjects) = preSolution
		{AB393F77-C15F-43C8-AC02-C9686A79B668} = {5C1EE230-69B5-497E-8D6B-C2364550A131}
		{2D55167C-D5D1-42B3-9E61-4A413FAC957A} = {5C1EE230-69B5-497E-8D6B-C2364550A131}
		{650EB36A-029E-43A8-8656-3E6FB8E3F277} = {5C1EE230-69B5-497E-8D6B-C2364550A131}
		{9F7B7AE5-675F-4333-8140-A62FBC0DA2AF} = {E79E27DC-8912-469A-BED2-1997AF07968F}
		{009EFA39-C380-4B3F-9398-A0F4BBC9A444} = {C6AE1215-513A-46C9-AB77-445FFFF856DE}
		{D1A513FC-5770-4C4F-A616-39AC476E2E55} = {1CD2A888-F25C-4383-98A3-3EDC88CA8FFF}
		{408BE3A7-37D9-445E-98A8-AB5EDF597A89} = {1F4D1336-1004-446A-ADA4-468CD68CAF0D}
		{B5C0A85C-016F-4A3B-B564-1BDF99315862} = {1CD2A888-F25C-4383-98A3-3EDC88CA8FFF}
		{C2187FD8-6194-4CA9-A2F9-82B68D03D2E2} = {C6AE1215-513A-46C9-AB77-445FFFF856DE}
		{808CC3B5-755E-4BBD-A86D-38A64ECCDC95} = {57949273-D212-403A-AE43-D7D8699CF070}
		{4BA4719C-C6AB-49BA-9754-848CA24C1FD6} = {5C1EE230-69B5-497E-8D6B-C2364550A131}
		{B4F011FB-7F73-45EA-A335-DFD45AFCD034} = {E79E27DC-8912-469A-BED2-1997AF07968F}
		{D0D36E29-A617-4838-8EA1-E34101685A26} = {1CD2A888-F25C-4383-98A3-3EDC88CA8FFF}
		{3E6ABE74-6AAB-44CE-B51D-DFA8C6F475E1} = {1CD2A888-F25C-4383-98A3-3EDC88CA8FFF}
		{AA3F02B9-E466-4A24-8B11-54971B216EB7} = {1CD2A888-F25C-4383-98A3-3EDC88CA8FFF}
		{4ACB6F91-4B61-4EDC-9B53-9862D2811286} = {1CD2A888-F25C-4383-98A3-3EDC88CA8FFF}
		{5D347294-7EB5-4C05-B7BB-D978413CEA2B} = {C6AE1215-513A-46C9-AB77-445FFFF856DE}
		{09B017DE-33E5-404F-816E-9EEC1C26E027} = {CF9172AE-2DF9-41FD-9368-E8352584F482}
		{F964BDB2-F61D-4076-826C-A20E8E1FC564} = {C6AE1215-513A-46C9-AB77-445FFFF856DE}
		{3E60083A-5C01-4830-A5AA-E96F07132865} = {5D347294-7EB5-4C05-B7BB-D978413CEA2B}
		{F0BA109D-38EF-44FE-A5F9-62ECA6AE2CD9} = {3E60083A-5C01-4830-A5AA-E96F07132865}
		{0B5B2856-6ADB-42B0-996D-C2E54EE00DD5} = {3E60083A-5C01-4830-A5AA-E96F07132865}
		{6DCC7A6C-ADB0-4E0D-93AB-5EC179B2907A} = {F964BDB2-F61D-4076-826C-A20E8E1FC564}
		{CF9172AE-2DF9-41FD-9368-E8352584F482} = {5D347294-7EB5-4C05-B7BB-D978413CEA2B}
		{B3D0B435-C238-4E89-8845-0EF12A2E2E68} = {CF9172AE-2DF9-41FD-9368-E8352584F482}
		{8E8C9FA6-3A2F-459D-98F9-4C981F41F9DD} = {CF9172AE-2DF9-41FD-9368-E8352584F482}
		{AAC837B7-165E-4FF4-A2C4-9BC47A5B292C} = {5C1EE230-69B5-497E-8D6B-C2364550A131}
		{61998851-E3C0-4442-97E6-F3349AA640FC} = {E79E27DC-8912-469A-BED2-1997AF07968F}
		{1CD2A888-F25C-4383-98A3-3EDC88CA8FFF} = {009EFA39-C380-4B3F-9398-A0F4BBC9A444}
		{148FB43F-4472-4A8E-A7C2-0EC596AF21C4} = {009EFA39-C380-4B3F-9398-A0F4BBC9A444}
		{9173FFAA-9FF0-499C-A9DE-3570D3D31F3B} = {148FB43F-4472-4A8E-A7C2-0EC596AF21C4}
		{F50ACA42-197D-4CE5-A0E8-DCAB152F2928} = {148FB43F-4472-4A8E-A7C2-0EC596AF21C4}
		{E34D9B84-6F0B-4D9D-AEFD-A7E2A512B787} = {1F4D1336-1004-446A-ADA4-468CD68CAF0D}
		{8EBC7C0B-9916-4E2E-BCE7-3ABB171C84B1} = {1F4D1336-1004-446A-ADA4-468CD68CAF0D}
		{BEAC85C3-D521-483E-A91B-7E892B65B622} = {CF9172AE-2DF9-41FD-9368-E8352584F482}
		{917DC251-6C84-44AE-B501-E37C3379D1CF} = {C6AE1215-513A-46C9-AB77-445FFFF856DE}
		{D7FEE711-7FC2-47D9-9627-9A9A15912740} = {917DC251-6C84-44AE-B501-E37C3379D1CF}
		{46267525-7D7D-46DC-B941-C5399F85CDD0} = {1F4D1336-1004-446A-ADA4-468CD68CAF0D}
		{748DB0EA-4EB8-4C90-9CC4-08331AAAE6B7} = {D7FEE711-7FC2-47D9-9627-9A9A15912740}
		{FC370B2D-D0A1-4CCA-8E77-EB22F5F8C893} = {009EFA39-C380-4B3F-9398-A0F4BBC9A444}
		{092AA048-5360-49EA-9846-E92C7E911A83} = {FC370B2D-D0A1-4CCA-8E77-EB22F5F8C893}
		{69F5D674-88EE-4FFA-A7CD-3D6D69134345} = {FC370B2D-D0A1-4CCA-8E77-EB22F5F8C893}
		{1DBF1A9D-60E3-4C37-A2CB-A64A4053DCFA} = {C6AE1215-513A-46C9-AB77-445FFFF856DE}
		{4E037195-3A87-4640-ADF3-074AF7C3BF33} = {1DBF1A9D-60E3-4C37-A2CB-A64A4053DCFA}
		{CDA1356D-6E4C-43CD-AC6B-4C33604BECDF} = {5D347294-7EB5-4C05-B7BB-D978413CEA2B}
		{E129006E-492A-46A2-AD63-722AB3D5F1AD} = {CDA1356D-6E4C-43CD-AC6B-4C33604BECDF}
		{44BA1037-9E42-4108-B4EC-744D3E449FD8} = {C6AE1215-513A-46C9-AB77-445FFFF856DE}
		{54AC6B81-6268-4793-BAC0-B1CDBC58C0CB} = {44BA1037-9E42-4108-B4EC-744D3E449FD8}
		{008681F6-8559-44BB-BBCD-8EBA955778C0} = {5D347294-7EB5-4C05-B7BB-D978413CEA2B}
		{F76F6D8F-1D4A-4FEA-95C6-0BB6416021AD} = {5D347294-7EB5-4C05-B7BB-D978413CEA2B}
		{608392DF-6C3A-49DD-82FC-5D163EA1016F} = {7696F676-8D20-4DD5-9A61-CB05F6C81542}
		{18CFBCD2-222B-462B-AB67-584C5540448A} = {CF9172AE-2DF9-41FD-9368-E8352584F482}
		{3E54D902-41B4-4C38-BE90-68A30E2542D7} = {5D347294-7EB5-4C05-B7BB-D978413CEA2B}
		{92D68953-2E97-4268-BA88-90A338F96C67} = {3E54D902-41B4-4C38-BE90-68A30E2542D7}
		{57949273-D212-403A-AE43-D7D8699CF070} = {C2187FD8-6194-4CA9-A2F9-82B68D03D2E2}
		{43FE07C8-F559-46F4-AB5C-F250DA11A558} = {917DC251-6C84-44AE-B501-E37C3379D1CF}
		{70E44349-D29A-4FCC-9979-6F4B0062468F} = {43FE07C8-F559-46F4-AB5C-F250DA11A558}
		{C0DD7FA1-74BF-4D6B-9F68-6F8A36505FEA} = {43FE07C8-F559-46F4-AB5C-F250DA11A558}
		{DAA01BF6-16C3-43F6-8EBF-FBA36627AE8C} = {CF9172AE-2DF9-41FD-9368-E8352584F482}
		{4588E59C-7359-4035-8B2A-050065113047} = {CF9172AE-2DF9-41FD-9368-E8352584F482}
		{ED980637-2B40-41F2-9BD0-94B619029F05} = {1F4D1336-1004-446A-ADA4-468CD68CAF0D}
		{86D4BF4A-644C-4D30-8ADB-5C8FCD5D5467} = {1CD2A888-F25C-4383-98A3-3EDC88CA8FFF}
		{05BF51C1-683E-4BD5-B272-E6C54E8178CD} = {5D347294-7EB5-4C05-B7BB-D978413CEA2B}
		{25E87E9A-D04F-4497-93B1-BD68F81949E6} = {05BF51C1-683E-4BD5-B272-E6C54E8178CD}
		{7696F676-8D20-4DD5-9A61-CB05F6C81542} = {5D347294-7EB5-4C05-B7BB-D978413CEA2B}
		{1D0A32DC-2289-4D00-B6C8-51CC06A4496D} = {C6AE1215-513A-46C9-AB77-445FFFF856DE}
		{62A72291-B639-4CE2-8F51-6151147C77B1} = {1D0A32DC-2289-4D00-B6C8-51CC06A4496D}
		{FE728A59-41ED-4FCD-A106-5D5D358D1509} = {62A72291-B639-4CE2-8F51-6151147C77B1}
		{418C000F-FC38-4443-9CD4-BA21FD6C7BB6} = {43FE07C8-F559-46F4-AB5C-F250DA11A558}
		{09778C80-B19C-45C5-B8DC-A91776424603} = {5D347294-7EB5-4C05-B7BB-D978413CEA2B}
		{D1442D19-B095-4F3A-8A33-8EEBE799D4A0} = {7696F676-8D20-4DD5-9A61-CB05F6C81542}
		{7D876810-D26D-446B-A915-181E1E907312} = {CF9172AE-2DF9-41FD-9368-E8352584F482}
		{5FA60AED-FDB1-4E15-ABD2-AADF2DBB0016} = {1CD2A888-F25C-4383-98A3-3EDC88CA8FFF}
		{5E5C9913-8141-461A-B82A-49E281EB088A} = {009EFA39-C380-4B3F-9398-A0F4BBC9A444}
		{3A646BB6-87F9-4DEA-8FDC-E35179B3B68C} = {F76F6D8F-1D4A-4FEA-95C6-0BB6416021AD}
		{5EA33C0D-5011-443E-B0A2-1328B9AF68E8} = {43FE07C8-F559-46F4-AB5C-F250DA11A558}
		{0F1E1D83-47E6-4B3B-AE09-0B5F5CD8A8C8} = {CF9172AE-2DF9-41FD-9368-E8352584F482}
		{1658741E-8BAC-4AA8-99D3-5C36E6F1F28D} = {43FE07C8-F559-46F4-AB5C-F250DA11A558}
		{D4FD9F97-6025-47A0-B4C8-8C5E2D29B317} = {3E54D902-41B4-4C38-BE90-68A30E2542D7}
		{2278469F-83C2-4019-9F8E-C4C52DD0CAEB} = {C6AE1215-513A-46C9-AB77-445FFFF856DE}
		{3750DF77-4656-4740-BF4B-B5CA1F7EAE46} = {7696F676-8D20-4DD5-9A61-CB05F6C81542}
		{6A0654EB-267B-434F-A4BC-ECF1ACEDF874} = {C6AE1215-513A-46C9-AB77-445FFFF856DE}
		{A7B072EA-69E3-4ED0-B6A0-AB5630C92172} = {6A0654EB-267B-434F-A4BC-ECF1ACEDF874}
		{6FEF7910-CC96-4229-AF20-421F02F46595} = {6A0654EB-267B-434F-A4BC-ECF1ACEDF874}
		{B3BD7DFB-CCC2-4533-8733-7E38E9E32385} = {C6AE1215-513A-46C9-AB77-445FFFF856DE}
		{D71FC507-CFAE-4342-AA34-85181C59E42A} = {B3BD7DFB-CCC2-4533-8733-7E38E9E32385}
		{6EB5BD73-AE35-4EDF-AF48-BFEC8C3AEE07} = {43FE07C8-F559-46F4-AB5C-F250DA11A558}
		{325C2038-084B-4C56-B232-DF6956C4D1F4} = {3E54D902-41B4-4C38-BE90-68A30E2542D7}
		{9483D64B-7261-4A4A-9C74-CC7D3BD3FF02} = {CDA1356D-6E4C-43CD-AC6B-4C33604BECDF}
	EndGlobalSection
	GlobalSection(ExtensibilityGlobals) = postSolution
		SolutionGuid = {D69708A1-5284-4CC9-A034-2586E2E41CFB}
	EndGlobalSection
EndGlobal
